// !$*UTF8*$!
{
	archiveVersion = 1;
	classes = {
	};
	objectVersion = 46;
	objects = {

/* Begin PBXBuildFile section */
		B64C6958174289F6007819D0 /* UIKit.framework in Frameworks */ = {isa = PBXBuildFile; fileRef = B64C6957174289F6007819D0 /* UIKit.framework */; };
		B64C695A174289F6007819D0 /* Foundation.framework in Frameworks */ = {isa = PBXBuildFile; fileRef = B64C6959174289F6007819D0 /* Foundation.framework */; };
		B64C695C174289F6007819D0 /* CoreGraphics.framework in Frameworks */ = {isa = PBXBuildFile; fileRef = B64C695B174289F6007819D0 /* CoreGraphics.framework */; };
		B64C6962174289F6007819D0 /* InfoPlist.strings in Resources */ = {isa = PBXBuildFile; fileRef = B64C6960174289F6007819D0 /* InfoPlist.strings */; };
		B64C6964174289F6007819D0 /* main.m in Sources */ = {isa = PBXBuildFile; fileRef = B64C6963174289F6007819D0 /* main.m */; };
		B64C6968174289F6007819D0 /* PersistenceAppDelegate.m in Sources */ = {isa = PBXBuildFile; fileRef = B64C6967174289F6007819D0 /* PersistenceAppDelegate.m */; };
		B64C696A174289F6007819D0 /* Default.png in Resources */ = {isa = PBXBuildFile; fileRef = B64C6969174289F6007819D0 /* Default.png */; };
		B64C696C174289F6007819D0 /* Default@2x.png in Resources */ = {isa = PBXBuildFile; fileRef = B64C696B174289F6007819D0 /* Default@2x.png */; };
		B64C696E174289F6007819D0 /* Default-568h@2x.png in Resources */ = {isa = PBXBuildFile; fileRef = B64C696D174289F6007819D0 /* Default-568h@2x.png */; };
		B64C697617428AB1007819D0 /* MainWindow.xib in Resources */ = {isa = PBXBuildFile; fileRef = B64C697517428AB1007819D0 /* MainWindow.xib */; };
		B64C697A17428B3B007819D0 /* PersistenceViewController.m in Sources */ = {isa = PBXBuildFile; fileRef = B64C697817428B3B007819D0 /* PersistenceViewController.m */; };
		B64C697B17428B3B007819D0 /* PersistenceViewController.xib in Resources */ = {isa = PBXBuildFile; fileRef = B64C697917428B3B007819D0 /* PersistenceViewController.xib */; };
/* End PBXBuildFile section */

/* Begin PBXFileReference section */
		B64C6954174289F6007819D0 /* 11 Presistence Plist.app */ = {isa = PBXFileReference; explicitFileType = wrapper.application; includeInIndex = 0; path = "11 Presistence Plist.app"; sourceTree = BUILT_PRODUCTS_DIR; };
		B64C6957174289F6007819D0 /* UIKit.framework */ = {isa = PBXFileReference; lastKnownFileType = wrapper.framework; name = UIKit.framework; path = System/Library/Frameworks/UIKit.framework; sourceTree = SDKROOT; };
		B64C6959174289F6007819D0 /* Foundation.framework */ = {isa = PBXFileReference; lastKnownFileType = wrapper.framework; name = Foundation.framework; path = System/Library/Frameworks/Foundation.framework; sourceTree = SDKROOT; };
		B64C695B174289F6007819D0 /* CoreGraphics.framework */ = {isa = PBXFileReference; lastKnownFileType = wrapper.framework; name = CoreGraphics.framework; path = System/Library/Frameworks/CoreGraphics.framework; sourceTree = SDKROOT; };
		B64C695F174289F6007819D0 /* 11 Presistence Plist-Info.plist */ = {isa = PBXFileReference; lastKnownFileType = text.plist.xml; path = "11 Presistence Plist-Info.plist"; sourceTree = "<group>"; };
		B64C6961174289F6007819D0 /* en */ = {isa = PBXFileReference; lastKnownFileType = text.plist.strings; name = en; path = en.lproj/InfoPlist.strings; sourceTree = "<group>"; };
		B64C6963174289F6007819D0 /* main.m */ = {isa = PBXFileReference; lastKnownFileType = sourcecode.c.objc; path = main.m; sourceTree = "<group>"; };
		B64C6965174289F6007819D0 /* 11 Presistence Plist-Prefix.pch */ = {isa = PBXFileReference; lastKnownFileType = sourcecode.c.h; path = "11 Presistence Plist-Prefix.pch"; sourceTree = "<group>"; };
		B64C6966174289F6007819D0 /* PersistenceAppDelegate.h */ = {isa = PBXFileReference; lastKnownFileType = sourcecode.c.h; path = PersistenceAppDelegate.h; sourceTree = "<group>"; };
		B64C6967174289F6007819D0 /* PersistenceAppDelegate.m */ = {isa = PBXFileReference; lastKnownFileType = sourcecode.c.objc; path = PersistenceAppDelegate.m; sourceTree = "<group>"; };
		B64C6969174289F6007819D0 /* Default.png */ = {isa = PBXFileReference; lastKnownFileType = image.png; path = Default.png; sourceTree = "<group>"; };
		B64C696B174289F6007819D0 /* Default@2x.png */ = {isa = PBXFileReference; lastKnownFileType = image.png; path = "Default@2x.png"; sourceTree = "<group>"; };
		B64C696D174289F6007819D0 /* Default-568h@2x.png */ = {isa = PBXFileReference; lastKnownFileType = image.png; path = "Default-568h@2x.png"; sourceTree = "<group>"; };
		B64C697517428AB1007819D0 /* MainWindow.xib */ = {isa = PBXFileReference; fileEncoding = 4; lastKnownFileType = file.xib; path = MainWindow.xib; sourceTree = "<group>"; };
		B64C697717428B3B007819D0 /* PersistenceViewController.h */ = {isa = PBXFileReference; fileEncoding = 4; lastKnownFileType = sourcecode.c.h; path = PersistenceViewController.h; sourceTree = "<group>"; };
		B64C697817428B3B007819D0 /* PersistenceViewController.m */ = {isa = PBXFileReference; fileEncoding = 4; lastKnownFileType = sourcecode.c.objc; path = PersistenceViewController.m; sourceTree = "<group>"; };
		B64C697917428B3B007819D0 /* PersistenceViewController.xib */ = {isa = PBXFileReference; fileEncoding = 4; lastKnownFileType = file.xib; name = PersistenceViewController.xib; path = "11 Presistence Plist/PersistenceViewController.xib"; sourceTree = "<group>"; };
/* End PBXFileReference section */

/* Begin PBXFrameworksBuildPhase section */
		B64C6951174289F6007819D0 /* Frameworks */ = {
			isa = PBXFrameworksBuildPhase;
			buildActionMask = 2147483647;
			files = (
				B64C6958174289F6007819D0 /* UIKit.framework in Frameworks */,
				B64C695A174289F6007819D0 /* Foundation.framework in Frameworks */,
				B64C695C174289F6007819D0 /* CoreGraphics.framework in Frameworks */,
			);
			runOnlyForDeploymentPostprocessing = 0;
		};
/* End PBXFrameworksBuildPhase section */

/* Begin PBXGroup section */
		B64C694B174289F6007819D0 = {
			isa = PBXGroup;
			children = (
				B64C695D174289F6007819D0 /* Classes */,
				B64C697417428A95007819D0 /* Resources */,
				B64C6956174289F6007819D0 /* Frameworks */,
				B64C6955174289F6007819D0 /* Products */,
			);
			sourceTree = "<group>";
		};
		B64C6955174289F6007819D0 /* Products */ = {
			isa = PBXGroup;
			children = (
				B64C6954174289F6007819D0 /* 11 Presistence Plist.app */,
			);
			name = Products;
			sourceTree = "<group>";
		};
		B64C6956174289F6007819D0 /* Frameworks */ = {
			isa = PBXGroup;
			children = (
				B64C6957174289F6007819D0 /* UIKit.framework */,
				B64C6959174289F6007819D0 /* Foundation.framework */,
				B64C695B174289F6007819D0 /* CoreGraphics.framework */,
			);
			name = Frameworks;
			sourceTree = "<group>";
		};
		B64C695D174289F6007819D0 /* Classes */ = {
			isa = PBXGroup;
			children = (
				B64C6966174289F6007819D0 /* PersistenceAppDelegate.h */,
				B64C6967174289F6007819D0 /* PersistenceAppDelegate.m */,
				B64C697717428B3B007819D0 /* PersistenceViewController.h */,
				B64C697817428B3B007819D0 /* PersistenceViewController.m */,
				B64C695E174289F6007819D0 /* Supporting Files */,
			);
			name = Classes;
			path = "11 Presistence Plist";
			sourceTree = "<group>";
		};
		B64C695E174289F6007819D0 /* Supporting Files */ = {
			isa = PBXGroup;
			children = (
				B64C695F174289F6007819D0 /* 11 Presistence Plist-Info.plist */,
				B64C6960174289F6007819D0 /* InfoPlist.strings */,
				B64C6963174289F6007819D0 /* main.m */,
				B64C6965174289F6007819D0 /* 11 Presistence Plist-Prefix.pch */,
				B64C6969174289F6007819D0 /* Default.png */,
				B64C696B174289F6007819D0 /* Default@2x.png */,
				B64C696D174289F6007819D0 /* Default-568h@2x.png */,
			);
			name = "Supporting Files";
			sourceTree = "<group>";
		};
		B64C697417428A95007819D0 /* Resources */ = {
			isa = PBXGroup;
			children = (
				B64C697517428AB1007819D0 /* MainWindow.xib */,
				B64C697917428B3B007819D0 /* PersistenceViewController.xib */,
			);
			name = Resources;
			sourceTree = "<group>";
		};
/* End PBXGroup section */

/* Begin PBXNativeTarget section */
		B64C6953174289F6007819D0 /* 11 Presistence Plist */ = {
			isa = PBXNativeTarget;
			buildConfigurationList = B64C6971174289F6007819D0 /* Build configuration list for PBXNativeTarget "11 Presistence Plist" */;
			buildPhases = (
				B64C6950174289F6007819D0 /* Sources */,
				B64C6951174289F6007819D0 /* Frameworks */,
				B64C6952174289F6007819D0 /* Resources */,
			);
			buildRules = (
			);
			dependencies = (
			);
			name = "11 Presistence Plist";
			productName = "11 Presistence Plist";
			productReference = B64C6954174289F6007819D0 /* 11 Presistence Plist.app */;
			productType = "com.apple.product-type.application";
		};
/* End PBXNativeTarget section */

/* Begin PBXProject section */
		B64C694C174289F6007819D0 /* Project object */ = {
			isa = PBXProject;
			attributes = {
				CLASSPREFIX = Persistence;
				LastUpgradeCheck = 0460;
				ORGANIZATIONNAME = Peng.CX;
			};
			buildConfigurationList = B64C694F174289F6007819D0 /* Build configuration list for PBXProject "11 Presistence Plist" */;
			compatibilityVersion = "Xcode 3.2";
			developmentRegion = English;
			hasScannedForEncodings = 0;
			knownRegions = (
				en,
			);
			mainGroup = B64C694B174289F6007819D0;
			productRefGroup = B64C6955174289F6007819D0 /* Products */;
			projectDirPath = "";
			projectRoot = "";
			targets = (
				B64C6953174289F6007819D0 /* 11 Presistence Plist */,
			);
		};
/* End PBXProject section */

/* Begin PBXResourcesBuildPhase section */
		B64C6952174289F6007819D0 /* Resources */ = {
			isa = PBXResourcesBuildPhase;
			buildActionMask = 2147483647;
			files = (
				B64C6962174289F6007819D0 /* InfoPlist.strings in Resources */,
				B64C696A174289F6007819D0 /* Default.png in Resources */,
				B64C696C174289F6007819D0 /* Default@2x.png in Resources */,
				B64C696E174289F6007819D0 /* Default-568h@2x.png in Resources */,
				B64C697617428AB1007819D0 /* MainWindow.xib in Resources */,
				B64C697B17428B3B007819D0 /* PersistenceViewController.xib in Resources */,
			);
			runOnlyForDeploymentPostprocessing = 0;
		};
/* End PBXResourcesBuildPhase section */

/* Begin PBXSourcesBuildPhase section */
		B64C6950174289F6007819D0 /* Sources */ = {
			isa = PBXSourcesBuildPhase;
			buildActionMask = 2147483647;
			files = (
				B64C6964174289F6007819D0 /* main.m in Sources */,
				B64C6968174289F6007819D0 /* PersistenceAppDelegate.m in Sources */,
				B64C697A17428B3B007819D0 /* PersistenceViewController.m in Sources */,
			);
			runOnlyForDeploymentPostprocessing = 0;
		};
/* End PBXSourcesBuildPhase section */

/* Begin PBXVariantGroup section */
		B64C6960174289F6007819D0 /* InfoPlist.strings */ = {
			isa = PBXVariantGroup;
			children = (
				B64C6961174289F6007819D0 /* en */,
			);
			name = InfoPlist.strings;
			sourceTree = "<group>";
		};
/* End PBXVariantGroup section */

/* Begin XCBuildConfiguration section */
		B64C696F174289F6007819D0 /* Debug */ = {
			isa = XCBuildConfiguration;
			buildSettings = {
				ALWAYS_SEARCH_USER_PATHS = NO;
				CLANG_CXX_LANGUAGE_STANDARD = "gnu++0x";
				CLANG_CXX_LIBRARY = "libc++";
				CLANG_WARN_CONSTANT_CONVERSION = YES;
				CLANG_WARN_EMPTY_BODY = YES;
				CLANG_WARN_ENUM_CONVERSION = YES;
				CLANG_WARN_INT_CONVERSION = YES;
				CLANG_WARN__DUPLICATE_METHOD_MATCH = YES;
				"CODE_SIGN_IDENTITY[sdk=iphoneos*]" = "iPhone Developer";
				COPY_PHASE_STRIP = NO;
				GCC_C_LANGUAGE_STANDARD = gnu99;
				GCC_DYNAMIC_NO_PIC = NO;
				GCC_OPTIMIZATION_LEVEL = 0;
				GCC_PREPROCESSOR_DEFINITIONS = (
					"DEBUG=1",
					"$(inherited)",
				);
				GCC_SYMBOLS_PRIVATE_EXTERN = NO;
				GCC_WARN_ABOUT_RETURN_TYPE = YES;
				GCC_WARN_UNINITIALIZED_AUTOS = YES;
				GCC_WARN_UNUSED_VARIABLE = YES;
				IPHONEOS_DEPLOYMENT_TARGET = 6.1;
				ONLY_ACTIVE_ARCH = YES;
				SDKROOT = iphoneos;
			};
			name = Debug;
		};
		B64C6970174289F6007819D0 /* Release */ = {
			isa = XCBuildConfiguration;
			buildSettings = {
				ALWAYS_SEARCH_USER_PATHS = NO;
				CLANG_CXX_LANGUAGE_STANDARD = "gnu++0x";
				CLANG_CXX_LIBRARY = "libc++";
				CLANG_WARN_CONSTANT_CONVERSION = YES;
				CLANG_WARN_EMPTY_BODY = YES;
				CLANG_WARN_ENUM_CONVERSION = YES;
				CLANG_WARN_INT_CONVERSION = YES;
				CLANG_WARN__DUPLICATE_METHOD_MATCH = YES;
				"CODE_SIGN_IDENTITY[sdk=iphoneos*]" = "iPhone Developer";
				COPY_PHASE_STRIP = YES;
				GCC_C_LANGUAGE_STANDARD = gnu99;
				GCC_WARN_ABOUT_RETURN_TYPE = YES;
				GCC_WARN_UNINITIALIZED_AUTOS = YES;
				GCC_WARN_UNUSED_VARIABLE = YES;
				IPHONEOS_DEPLOYMENT_TARGET = 6.1;
				OTHER_CFLAGS = "-DNS_BLOCK_ASSERTIONS=1";
				SDKROOT = iphoneos;
				VALIDATE_PRODUCT = YES;
			};
			name = Release;
		};
		B64C6972174289F6007819D0 /* Debug */ = {
			isa = XCBuildConfiguration;
			buildSettings = {
				GCC_PRECOMPILE_PREFIX_HEADER = YES;
				GCC_PREFIX_HEADER = "11 Presistence Plist/11 Presistence Plist-Prefix.pch";
				INFOPLIST_FILE = "11 Presistence Plist/11 Presistence Plist-Info.plist";
				PRODUCT_NAME = "$(TARGET_NAME)";
				WRAPPER_EXTENSION = app;
			};
			name = Debug;
		};
		B64C6973174289F6007819D0 /* Release */ = {
			isa = XCBuildConfiguration;
			buildSettings = {
				GCC_PRECOMPILE_PREFIX_HEADER = YES;
				GCC_PREFIX_HEADER = "11 Presistence Plist/11 Presistence Plist-Prefix.pch";
				INFOPLIST_FILE = "11 Presistence Plist/11 Presistence Plist-Info.plist";
				PRODUCT_NAME = "$(TARGET_NAME)";
				WRAPPER_EXTENSION = app;
			};
			name = Release;
		};
/* End XCBuildConfiguration section */

/* Begin XCConfigurationList section */
		B64C694F174289F6007819D0 /* Build configuration list for PBXProject "11 Presistence Plist" */ = {
			isa = XCConfigurationList;
			buildConfigurations = (
				B64C696F174289F6007819D0 /* Debug */,
				B64C6970174289F6007819D0 /* Release */,
			);
			defaultConfigurationIsVisible = 0;
			defaultConfigurationName = Release;
		};
		B64C6971174289F6007819D0 /* Build configuration list for PBXNativeTarget "11 Presistence Plist" */ = {
			isa = XCConfigurationList;
			buildConfigurations = (
				B64C6972174289F6007819D0 /* Debug */,
				B64C6973174289F6007819D0 /* Release */,
			);
			defaultConfigurationIsVisible = 0;
		};
/* End XCConfigurationList section */
	};
	rootObject = B64C694C174289F6007819D0 /* Project object */;
}
